
Microsoft Visual Studio Solution File, Format Version 12.00
# Visual Studio Version 16
VisualStudioVersion = 16.0.30011.22
MinimumVisualStudioVersion = 10.0.40219.1
Project("{9A19103F-16F7-4668-BE54-9A1E7A4F7556}") = "QALight.UI.Autotests", "Gmail.UI.Autotest\QALight.UI.Autotests.csproj", "{60777F74-97C1-4A09-8425-9AB81CA74AEA}"
EndProject
Global
	GlobalSection(SolutionConfigurationPlatforms) = preSolution
		Debug|Any CPU = Debug|Any CPU
		Release|Any CPU = Release|Any CPU
	EndGlobalSection
	GlobalSection(ProjectConfigurationPlatforms) = postSolution
		{60777F74-97C1-4A09-8425-9AB81CA74AEA}.Debug|Any CPU.ActiveCfg = Debug|Any CPU
		{60777F74-97C1-4A09-8425-9AB81CA74AEA}.Debug|Any CPU.Build.0 = Debug|Any CPU
		{60777F74-97C1-4A09-8425-9AB81CA74AEA}.Release|Any CPU.ActiveCfg = Release|Any CPU
		{60777F74-97C1-4A09-8425-9AB81CA74AEA}.Release|Any CPU.Build.0 = Release|Any CPU
	EndGlobalSection
	GlobalSection(SolutionProperties) = preSolution
		HideSolutionNode = FALSE
	EndGlobalSection
	GlobalSection(ExtensibilityGlobals) = postSolution
		SolutionGuid = {5DAA7DC6-1A43-469A-B61E-6492A4B9F029}
	EndGlobalSection
EndGlobal
